<?xml version="1.0" encoding="utf-8"?>
<Project ToolsVersion="4.0" xmlns="http://schemas.microsoft.com/developer/msbuild/2003">
  <ItemGroup>
    <ClInclude Include="src\ggmaker\core\time.h">
      <Filter>ggmaker\core</Filter>
    </ClInclude>
    <ClInclude Include="src\ggmaker\events\event.h">
      <Filter>ggmaker\events</Filter>
    </ClInclude>
    <ClInclude Include="src\ggmaker\events\application_event.h">
      <Filter>ggmaker\events</Filter>
    </ClInclude>
    <ClInclude Include="src\ggmaker\events\key_event.h">
      <Filter>ggmaker\events</Filter>
    </ClInclude>
    <ClInclude Include="src\ggmaker\events\mouse_event.h">
      <Filter>ggmaker\events</Filter>
    </ClInclude>
    <ClInclude Include="src\ggmaker\math\math.h">
      <Filter>ggmaker\math</Filter>
    </ClInclude>
    <ClInclude Include="src\ggmaker\scene\node.h">
      <Filter>ggmaker\scene</Filter>
    </ClInclude>
    <ClInclude Include="src\ggmaker\scene\scene.h">
      <Filter>ggmaker\scene</Filter>
    </ClInclude>
    <ClInclude Include="src\ggmaker\core\application.h">
      <Filter>ggmaker\core</Filter>
    </ClInclude>
    <ClInclude Include="src\ggmaker.h" />
    <ClInclude Include="src\ggmaker\core.h">
      <Filter>ggmaker</Filter>
    </ClInclude>
    <ClInclude Include="src\ggmaker\core\layer.h">
      <Filter>ggmaker\core</Filter>
    </ClInclude>
    <ClInclude Include="src\ggmaker\core\layer_stack.h">
      <Filter>ggmaker\core</Filter>
    </ClInclude>
    <ClInclude Include="src\ggmaker\core\log.h">
      <Filter>ggmaker\core</Filter>
    </ClInclude>
  </ItemGroup>
  <ItemGroup>
    <ClCompile Include="src\ggmaker\core\time.cpp">
      <Filter>ggmaker\core</Filter>
    </ClCompile>
    <ClCompile Include="src\ggmaker\events\application_event.cpp">
      <Filter>ggmaker\events</Filter>
    </ClCompile>
    <ClCompile Include="src\ggmaker\events\event.cpp">
      <Filter>ggmaker\events</Filter>
    </ClCompile>
    <ClCompile Include="src\ggmaker\events\key_event.cpp">
      <Filter>ggmaker\events</Filter>
    </ClCompile>
    <ClCompile Include="src\ggmaker\events\mouse_event.cpp">
      <Filter>ggmaker\events</Filter>
    </ClCompile>
    <ClCompile Include="src\ggmaker\math\math.cpp">
      <Filter>ggmaker\math</Filter>
    </ClCompile>
    <ClCompile Include="src\ggmaker\scene\node.cpp">
      <Filter>ggmaker\scene</Filter>
    </ClCompile>
    <ClCompile Include="src\ggmaker\scene\scene.cpp">
      <Filter>ggmaker\scene</Filter>
    </ClCompile>
    <ClCompile Include="src\ggmaker\core\application.cpp">
      <Filter>ggmaker\core</Filter>
    </ClCompile>
    <ClCompile Include="src\ggmaker\core\layer.cpp">
      <Filter>ggmaker\core</Filter>
    </ClCompile>
    <ClCompile Include="src\ggmaker\core\layer_stack.cpp">
      <Filter>ggmaker\core</Filter>
    </ClCompile>
    <ClCompile Include="src\ggmaker\core\log.cpp">
      <Filter>ggmaker\core</Filter>
    </ClCompile>
  </ItemGroup>
  <ItemGroup>
    <Filter Include="ggmaker">
      <UniqueIdentifier>{0c6cc304-1051-4e99-aa07-bb6ae48fdc9d}</UniqueIdentifier>
    </Filter>
    <Filter Include="ggmaker\core">
      <UniqueIdentifier>{98fab927-64aa-4bb7-8150-9a6f80604f16}</UniqueIdentifier>
    </Filter>
    <Filter Include="ggmaker\events">
      <UniqueIdentifier>{579a57fd-3184-4dc1-8bda-4167b6fb5fa4}</UniqueIdentifier>
    </Filter>
    <Filter Include="ggmaker\math">
      <UniqueIdentifier>{d32b8665-5621-41b5-a4fb-a0ce47fc897a}</UniqueIdentifier>
    </Filter>
    <Filter Include="ggmaker\scene">
      <UniqueIdentifier>{20d5b917-945e-4a11-9a61-07522b598cff}</UniqueIdentifier>
    </Filter>
  </ItemGroup>
</Project>